
Microsoft Visual Studio Solution File, Format Version 12.00
# Visual Studio Version 16
VisualStudioVersion = 16.0.31129.286
MinimumVisualStudioVersion = 10.0.40219.1
Project("{FAE04EC0-301F-11D3-BF4B-00C04F79EFBC}") = "Torres de Hanoi", "Torres de Hanoi\Torres de Hanoi.csproj", "{61E091D8-B067-494E-B479-0FA0AB8410A7}"
EndProject
Global
	GlobalSection(SolutionConfigurationPlatforms) = preSolution
		Debug|Any CPU = Debug|Any CPU
		Release|Any CPU = Release|Any CPU
	EndGlobalSection
	GlobalSection(ProjectConfigurationPlatforms) = postSolution
		{61E091D8-B067-494E-B479-0FA0AB8410A7}.Debug|Any CPU.ActiveCfg = Debug|Any CPU
		{61E091D8-B067-494E-B479-0FA0AB8410A7}.Debug|Any CPU.Build.0 = Debug|Any CPU
		{61E091D8-B067-494E-B479-0FA0AB8410A7}.Release|Any CPU.ActiveCfg = Release|Any CPU
		{61E091D8-B067-494E-B479-0FA0AB8410A7}.Release|Any CPU.Build.0 = Release|Any CPU
	EndGlobalSection
	GlobalSection(SolutionProperties) = preSolution
		HideSolutionNode = FALSE
	EndGlobalSection
	GlobalSection(ExtensibilityGlobals) = postSolution
		SolutionGuid = {F6F153E3-EF85-43B9-91B6-4815F98B1BE0}
	EndGlobalSection
EndGlobal
